
Microsoft Visual Studio Solution File, Format Version 12.00
# Visual Studio Version 17
VisualStudioVersion = 17.1.32228.430
MinimumVisualStudioVersion = 10.0.40219.1
Project("{FAE04EC0-301F-11D3-BF4B-00C04F79EFBC}") = "Project 127", "Project 127.csproj", "{A3C371FC-B027-4451-9D07-41302A90B250}"
	ProjectSection(ProjectDependencies) = postProject
		{F75AE30E-24D6-4FBC-90C6-A9EF52682EDF} = {F75AE30E-24D6-4FBC-90C6-A9EF52682EDF}
	EndProjectSection
EndProject
Project("{8BC9CEB8-8B4A-11D0-8D11-00A0C91BC942}") = "ROSCrypto", "AAA_HybridCode\C++\ROSCrypto\ROSCrypto.vcxproj", "{225A2F5D-B9EC-4691-A4F6-81C70B182903}"
EndProject
Project("{FAE04EC0-301F-11D3-BF4B-00C04F79EFBC}") = "Project 127 Launcher", "AAA_HybridCode\Project 127 Launcher\Project 127 Launcher.csproj", "{F75AE30E-24D6-4FBC-90C6-A9EF52682EDF}"
EndProject
Global
	GlobalSection(SolutionConfigurationPlatforms) = preSolution
		Debug|Any CPU = Debug|Any CPU
		Debug|x64 = Debug|x64
		Debug|x86 = Debug|x86
		Release|Any CPU = Release|Any CPU
		Release|x64 = Release|x64
		Release|x86 = Release|x86
	EndGlobalSection
	GlobalSection(ProjectConfigurationPlatforms) = postSolution
		{A3C371FC-B027-4451-9D07-41302A90B250}.Debug|Any CPU.ActiveCfg = Debug|x64
		{A3C371FC-B027-4451-9D07-41302A90B250}.Debug|x64.ActiveCfg = Debug|x64
		{A3C371FC-B027-4451-9D07-41302A90B250}.Debug|x64.Build.0 = Debug|x64
		{A3C371FC-B027-4451-9D07-41302A90B250}.Debug|x86.ActiveCfg = Debug|x64
		{A3C371FC-B027-4451-9D07-41302A90B250}.Release|Any CPU.ActiveCfg = Debug|x64
		{A3C371FC-B027-4451-9D07-41302A90B250}.Release|x64.ActiveCfg = Release|x64
		{A3C371FC-B027-4451-9D07-41302A90B250}.Release|x64.Build.0 = Release|x64
		{A3C371FC-B027-4451-9D07-41302A90B250}.Release|x86.ActiveCfg = Release|x64
		{225A2F5D-B9EC-4691-A4F6-81C70B182903}.Debug|Any CPU.ActiveCfg = Debug|Win32
		{225A2F5D-B9EC-4691-A4F6-81C70B182903}.Debug|x64.ActiveCfg = StaticDebug|x64
		{225A2F5D-B9EC-4691-A4F6-81C70B182903}.Debug|x64.Build.0 = StaticDebug|x64
		{225A2F5D-B9EC-4691-A4F6-81C70B182903}.Debug|x86.ActiveCfg = Debug|Win32
		{225A2F5D-B9EC-4691-A4F6-81C70B182903}.Debug|x86.Build.0 = Debug|Win32
		{225A2F5D-B9EC-4691-A4F6-81C70B182903}.Release|Any CPU.ActiveCfg = Release|Win32
		{225A2F5D-B9EC-4691-A4F6-81C70B182903}.Release|x64.ActiveCfg = StaticRelease|x64
		{225A2F5D-B9EC-4691-A4F6-81C70B182903}.Release|x64.Build.0 = StaticRelease|x64
		{225A2F5D-B9EC-4691-A4F6-81C70B182903}.Release|x86.ActiveCfg = Release|Win32
		{225A2F5D-B9EC-4691-A4F6-81C70B182903}.Release|x86.Build.0 = Release|Win32
		{F75AE30E-24D6-4FBC-90C6-A9EF52682EDF}.Debug|Any CPU.ActiveCfg = Debug|Any CPU
		{F75AE30E-24D6-4FBC-90C6-A9EF52682EDF}.Debug|Any CPU.Build.0 = Debug|Any CPU
		{F75AE30E-24D6-4FBC-90C6-A9EF52682EDF}.Debug|x64.ActiveCfg = Debug|Any CPU
		{F75AE30E-24D6-4FBC-90C6-A9EF52682EDF}.Debug|x64.Build.0 = Debug|Any CPU
		{F75AE30E-24D6-4FBC-90C6-A9EF52682EDF}.Debug|x86.ActiveCfg = Debug|Any CPU
		{F75AE30E-24D6-4FBC-90C6-A9EF52682EDF}.Debug|x86.Build.0 = Debug|Any CPU
		{F75AE30E-24D6-4FBC-90C6-A9EF52682EDF}.Release|Any CPU.ActiveCfg = Release|Any CPU
		{F75AE30E-24D6-4FBC-90C6-A9EF52682EDF}.Release|Any CPU.Build.0 = Release|Any CPU
		{F75AE30E-24D6-4FBC-90C6-A9EF52682EDF}.Release|x64.ActiveCfg = Release|x64
		{F75AE30E-24D6-4FBC-90C6-A9EF52682EDF}.Release|x64.Build.0 = Release|x64
		{F75AE30E-24D6-4FBC-90C6-A9EF52682EDF}.Release|x86.ActiveCfg = Release|Any CPU
		{F75AE30E-24D6-4FBC-90C6-A9EF52682EDF}.Release|x86.Build.0 = Release|Any CPU
	EndGlobalSection
	GlobalSection(SolutionProperties) = preSolution
		HideSolutionNode = FALSE
	EndGlobalSection
	GlobalSection(ExtensibilityGlobals) = postSolution
		SolutionGuid = {7F1E0FE1-D444-4AB0-AC7B-46D74B5C9B6E}
	EndGlobalSection
EndGlobal
